Microsoft Visual Studio Solution File, Format Version 12.00
# Visual Studio Version 17
VisualStudioVersion = 17.5.2.0
MinimumVisualStudioVersion = 10.0.40219.1
Project("{FAE04EC0-301F-11D3-BF4B-00C04F79EFBC}") = "CombinedProject1", "CombinedProject1.csproj", "{FD7C8F6D-D709-5B8F-74B6-244DD51F3EE3}"
EndProject
Global
	GlobalSection(SolutionConfigurationPlatforms) = preSolution
		Debug|Any CPU = Debug|Any CPU
		Release|Any CPU = Release|Any CPU
	EndGlobalSection
	GlobalSection(ProjectConfigurationPlatforms) = postSolution
		{FD7C8F6D-D709-5B8F-74B6-244DD51F3EE3}.Debug|Any CPU.ActiveCfg = Debug|Any CPU
		{FD7C8F6D-D709-5B8F-74B6-244DD51F3EE3}.Debug|Any CPU.Build.0 = Debug|Any CPU
		{FD7C8F6D-D709-5B8F-74B6-244DD51F3EE3}.Release|Any CPU.ActiveCfg = Release|Any CPU
		{FD7C8F6D-D709-5B8F-74B6-244DD51F3EE3}.Release|Any CPU.Build.0 = Release|Any CPU
	EndGlobalSection
	GlobalSection(SolutionProperties) = preSolution
		HideSolutionNode = FALSE
	EndGlobalSection
	GlobalSection(ExtensibilityGlobals) = postSolution
		SolutionGuid = {A82A33B7-15F1-4272-B3CC-B2500BE3FC6A}
	EndGlobalSection
EndGlobal
