Microsoft Visual Studio Solution File, Format Version 12.00
# Visual Studio Version 17
VisualStudioVersion = 17.5.2.0
MinimumVisualStudioVersion = 10.0.40219.1
Project("{FAE04EC0-301F-11D3-BF4B-00C04F79EFBC}") = "Day9", "Day9.csproj", "{BBAFCC81-3666-256A-5469-C9540C9A2659}"
EndProject
Global
	GlobalSection(SolutionConfigurationPlatforms) = preSolution
		Debug|Any CPU = Debug|Any CPU
		Release|Any CPU = Release|Any CPU
	EndGlobalSection
	GlobalSection(ProjectConfigurationPlatforms) = postSolution
		{BBAFCC81-3666-256A-5469-C9540C9A2659}.Debug|Any CPU.ActiveCfg = Debug|Any CPU
		{BBAFCC81-3666-256A-5469-C9540C9A2659}.Debug|Any CPU.Build.0 = Debug|Any CPU
		{BBAFCC81-3666-256A-5469-C9540C9A2659}.Release|Any CPU.ActiveCfg = Release|Any CPU
		{BBAFCC81-3666-256A-5469-C9540C9A2659}.Release|Any CPU.Build.0 = Release|Any CPU
	EndGlobalSection
	GlobalSection(SolutionProperties) = preSolution
		HideSolutionNode = FALSE
	EndGlobalSection
	GlobalSection(ExtensibilityGlobals) = postSolution
		SolutionGuid = {61915EC2-C408-4B63-982C-C44CF00C0C1D}
	EndGlobalSection
EndGlobal
