Microsoft Visual Studio Solution File, Format Version 12.00
# Visual Studio Version 17
VisualStudioVersion = 17.5.2.0
MinimumVisualStudioVersion = 10.0.40219.1
Project("{FAE04EC0-301F-11D3-BF4B-00C04F79EFBC}") = "Day17", "Day17.csproj", "{8046ECA3-B491-4BE4-386D-6C5FC5E384B0}"
EndProject
Global
	GlobalSection(SolutionConfigurationPlatforms) = preSolution
		Debug|Any CPU = Debug|Any CPU
		Release|Any CPU = Release|Any CPU
	EndGlobalSection
	GlobalSection(ProjectConfigurationPlatforms) = postSolution
		{8046ECA3-B491-4BE4-386D-6C5FC5E384B0}.Debug|Any CPU.ActiveCfg = Debug|Any CPU
		{8046ECA3-B491-4BE4-386D-6C5FC5E384B0}.Debug|Any CPU.Build.0 = Debug|Any CPU
		{8046ECA3-B491-4BE4-386D-6C5FC5E384B0}.Release|Any CPU.ActiveCfg = Release|Any CPU
		{8046ECA3-B491-4BE4-386D-6C5FC5E384B0}.Release|Any CPU.Build.0 = Release|Any CPU
	EndGlobalSection
	GlobalSection(SolutionProperties) = preSolution
		HideSolutionNode = FALSE
	EndGlobalSection
	GlobalSection(ExtensibilityGlobals) = postSolution
		SolutionGuid = {97E3754F-B10E-4EC8-B361-D9F00A6C3BC3}
	EndGlobalSection
EndGlobal
