Microsoft Visual Studio Solution File, Format Version 12.00
# Visual Studio Version 17
VisualStudioVersion = 17.5.2.0
MinimumVisualStudioVersion = 10.0.40219.1
Project("{FAE04EC0-301F-11D3-BF4B-00C04F79EFBC}") = "Day23", "Day23.csproj", "{0CA30D89-27F5-71E7-8F98-46FC64048E17}"
EndProject
Global
	GlobalSection(SolutionConfigurationPlatforms) = preSolution
		Debug|Any CPU = Debug|Any CPU
		Release|Any CPU = Release|Any CPU
	EndGlobalSection
	GlobalSection(ProjectConfigurationPlatforms) = postSolution
		{0CA30D89-27F5-71E7-8F98-46FC64048E17}.Debug|Any CPU.ActiveCfg = Debug|Any CPU
		{0CA30D89-27F5-71E7-8F98-46FC64048E17}.Debug|Any CPU.Build.0 = Debug|Any CPU
		{0CA30D89-27F5-71E7-8F98-46FC64048E17}.Release|Any CPU.ActiveCfg = Release|Any CPU
		{0CA30D89-27F5-71E7-8F98-46FC64048E17}.Release|Any CPU.Build.0 = Release|Any CPU
	EndGlobalSection
	GlobalSection(SolutionProperties) = preSolution
		HideSolutionNode = FALSE
	EndGlobalSection
	GlobalSection(ExtensibilityGlobals) = postSolution
		SolutionGuid = {700AF185-4C0C-449D-A401-F431127A5F04}
	EndGlobalSection
EndGlobal
